
Microsoft Visual Studio Solution File, Format Version 12.00
Project("{FAE04EC0-301F-11D3-BF4B-00C04F79EFBC}") = "DailyPlanner", "DailyPlanner\DailyPlanner.csproj", "{3BA4D886-F8DC-4D7E-9CED-F433CBE22300}"
EndProject
Global
	GlobalSection(SolutionConfigurationPlatforms) = preSolution
		Debug|Any CPU = Debug|Any CPU
		Release|Any CPU = Release|Any CPU
	EndGlobalSection
	GlobalSection(ProjectConfigurationPlatforms) = postSolution
		{3BA4D886-F8DC-4D7E-9CED-F433CBE22300}.Debug|Any CPU.ActiveCfg = Debug|Any CPU
		{3BA4D886-F8DC-4D7E-9CED-F433CBE22300}.Debug|Any CPU.Build.0 = Debug|Any CPU
		{3BA4D886-F8DC-4D7E-9CED-F433CBE22300}.Release|Any CPU.ActiveCfg = Release|Any CPU
		{3BA4D886-F8DC-4D7E-9CED-F433CBE22300}.Release|Any CPU.Build.0 = Release|Any CPU
	EndGlobalSection
EndGlobal
